
Microsoft Visual Studio Solution File, Format Version 12.00
# Visual Studio 15
VisualStudioVersion = 15.0.28307.960
MinimumVisualStudioVersion = 10.0.40219.1
Project("{9A19103F-16F7-4668-BE54-9A1E7A4F7556}") = "Ciber", "Ciber\Ciber.csproj", "{60107A67-B636-458A-9E25-90F29D1CBFEA}"
EndProject
Global
	GlobalSection(SolutionConfigurationPlatforms) = preSolution
		Debug|Any CPU = Debug|Any CPU
		Release|Any CPU = Release|Any CPU
	EndGlobalSection
	GlobalSection(ProjectConfigurationPlatforms) = postSolution
		{60107A67-B636-458A-9E25-90F29D1CBFEA}.Debug|Any CPU.ActiveCfg = Debug|Any CPU
		{60107A67-B636-458A-9E25-90F29D1CBFEA}.Debug|Any CPU.Build.0 = Debug|Any CPU
		{60107A67-B636-458A-9E25-90F29D1CBFEA}.Release|Any CPU.ActiveCfg = Release|Any CPU
		{60107A67-B636-458A-9E25-90F29D1CBFEA}.Release|Any CPU.Build.0 = Release|Any CPU
	EndGlobalSection
	GlobalSection(SolutionProperties) = preSolution
		HideSolutionNode = FALSE
	EndGlobalSection
	GlobalSection(ExtensibilityGlobals) = postSolution
		SolutionGuid = {555899D5-D01F-43E6-8B50-689D95FEEBAF}
	EndGlobalSection
EndGlobal
